
Microsoft Visual Studio Solution File, Format Version 12.00
# Visual Studio Version 17
VisualStudioVersion = 17.11.35303.130
MinimumVisualStudioVersion = 10.0.40219.1
Project("{FAE04EC0-301F-11D3-BF4B-00C04F79EFBC}") = "RobotApp", "RobotApp\RobotApp.csproj", "{0CB6A8FD-B48F-4EB8-B695-7CAB590EDF2B}"
EndProject
Project("{FAE04EC0-301F-11D3-BF4B-00C04F79EFBC}") = "RobotApp.Tests", "RobotApp.tets\RobotApp.Tests.csproj", "{7BD32BD2-FAAE-456A-81BC-211EF32B7153}"
EndProject
Global
	GlobalSection(SolutionConfigurationPlatforms) = preSolution
		Debug|Any CPU = Debug|Any CPU
		Release|Any CPU = Release|Any CPU
	EndGlobalSection
	GlobalSection(ProjectConfigurationPlatforms) = postSolution
		{0CB6A8FD-B48F-4EB8-B695-7CAB590EDF2B}.Debug|Any CPU.ActiveCfg = Debug|Any CPU
		{0CB6A8FD-B48F-4EB8-B695-7CAB590EDF2B}.Debug|Any CPU.Build.0 = Debug|Any CPU
		{0CB6A8FD-B48F-4EB8-B695-7CAB590EDF2B}.Release|Any CPU.ActiveCfg = Release|Any CPU
		{0CB6A8FD-B48F-4EB8-B695-7CAB590EDF2B}.Release|Any CPU.Build.0 = Release|Any CPU
		{7BD32BD2-FAAE-456A-81BC-211EF32B7153}.Debug|Any CPU.ActiveCfg = Debug|Any CPU
		{7BD32BD2-FAAE-456A-81BC-211EF32B7153}.Debug|Any CPU.Build.0 = Debug|Any CPU
		{7BD32BD2-FAAE-456A-81BC-211EF32B7153}.Release|Any CPU.ActiveCfg = Release|Any CPU
		{7BD32BD2-FAAE-456A-81BC-211EF32B7153}.Release|Any CPU.Build.0 = Release|Any CPU
	EndGlobalSection
	GlobalSection(SolutionProperties) = preSolution
		HideSolutionNode = FALSE
	EndGlobalSection
	GlobalSection(ExtensibilityGlobals) = postSolution
		SolutionGuid = {FE1A5DAE-FA7A-4A26-A90C-D98611435F88}
	EndGlobalSection
EndGlobal
